// !$*UTF8*$!
{
	archiveVersion = 1;
	classes = {
	};
	objectVersion = 56;
	objects = {

/* Begin PBXBuildFile section */
		480F9C392B59164800177736 /* Extensions.swift in Sources */ = {isa = PBXBuildFile; fileRef = 480F9C382B59164800177736 /* Extensions.swift */; };
		480F9C3B2B591DAF00177736 /* SearchCollectionHeaderView.swift in Sources */ = {isa = PBXBuildFile; fileRef = 480F9C3A2B591DAF00177736 /* SearchCollectionHeaderView.swift */; };
		486B091B2B5B8B6A0066EAC8 /* DescriptionViewController.swift in Sources */ = {isa = PBXBuildFile; fileRef = 486B091A2B5B8B6A0066EAC8 /* DescriptionViewController.swift */; };
		48A1F4B02B579C3700445D88 /* AppDelegate.swift in Sources */ = {isa = PBXBuildFile; fileRef = 48A1F4AF2B579C3700445D88 /* AppDelegate.swift */; };
		48A1F4B22B579C3700445D88 /* SceneDelegate.swift in Sources */ = {isa = PBXBuildFile; fileRef = 48A1F4B12B579C3700445D88 /* SceneDelegate.swift */; };
		48A1F4B42B579C3700445D88 /* SearchViewController.swift in Sources */ = {isa = PBXBuildFile; fileRef = 48A1F4B32B579C3700445D88 /* SearchViewController.swift */; };
		48A1F4B92B579C3800445D88 /* Assets.xcassets in Resources */ = {isa = PBXBuildFile; fileRef = 48A1F4B82B579C3800445D88 /* Assets.xcassets */; };
		48A1F4BC2B579C3800445D88 /* LaunchScreen.storyboard in Resources */ = {isa = PBXBuildFile; fileRef = 48A1F4BA2B579C3800445D88 /* LaunchScreen.storyboard */; };
		48A1F4C62B579D0300445D88 /* DetailViewController.swift in Sources */ = {isa = PBXBuildFile; fileRef = 48A1F4C52B579D0200445D88 /* DetailViewController.swift */; };
		48A1F4C92B579DEC00445D88 /* SnapKit in Frameworks */ = {isa = PBXBuildFile; productRef = 48A1F4C82B579DEC00445D88 /* SnapKit */; };
		48A1F4CC2B579E6300445D88 /* Then in Frameworks */ = {isa = PBXBuildFile; productRef = 48A1F4CB2B579E6300445D88 /* Then */; };
		48A1F4D02B57B25300445D88 /* SearchCollectionCell.swift in Sources */ = {isa = PBXBuildFile; fileRef = 48A1F4CF2B57B25300445D88 /* SearchCollectionCell.swift */; };
		48A1F4D42B57B26C00445D88 /* SearchModel.swift in Sources */ = {isa = PBXBuildFile; fileRef = 48A1F4D32B57B26C00445D88 /* SearchModel.swift */; };
		48A1F4D62B57B32300445D88 /* NetworkManager.swift in Sources */ = {isa = PBXBuildFile; fileRef = 48A1F4D52B57B32300445D88 /* NetworkManager.swift */; };
		48A1F4D82B57BEE100445D88 /* ItemModel.swift in Sources */ = {isa = PBXBuildFile; fileRef = 48A1F4D72B57BEE100445D88 /* ItemModel.swift */; };
/* End PBXBuildFile section */

/* Begin PBXFileReference section */
		480F9C382B59164800177736 /* Extensions.swift */ = {isa = PBXFileReference; lastKnownFileType = sourcecode.swift; path = Extensions.swift; sourceTree = "<group>"; };
		480F9C3A2B591DAF00177736 /* SearchCollectionHeaderView.swift */ = {isa = PBXFileReference; lastKnownFileType = sourcecode.swift; path = SearchCollectionHeaderView.swift; sourceTree = "<group>"; };
		486B091A2B5B8B6A0066EAC8 /* DescriptionViewController.swift */ = {isa = PBXFileReference; lastKnownFileType = sourcecode.swift; path = DescriptionViewController.swift; sourceTree = "<group>"; };
		48A1F4AC2B579C3700445D88 /* kidsnote.app */ = {isa = PBXFileReference; explicitFileType = wrapper.application; includeInIndex = 0; path = kidsnote.app; sourceTree = BUILT_PRODUCTS_DIR; };
		48A1F4AF2B579C3700445D88 /* AppDelegate.swift */ = {isa = PBXFileReference; lastKnownFileType = sourcecode.swift; path = AppDelegate.swift; sourceTree = "<group>"; };
		48A1F4B12B579C3700445D88 /* SceneDelegate.swift */ = {isa = PBXFileReference; lastKnownFileType = sourcecode.swift; path = SceneDelegate.swift; sourceTree = "<group>"; };
		48A1F4B32B579C3700445D88 /* SearchViewController.swift */ = {isa = PBXFileReference; lastKnownFileType = sourcecode.swift; path = SearchViewController.swift; sourceTree = "<group>"; };
		48A1F4B82B579C3800445D88 /* Assets.xcassets */ = {isa = PBXFileReference; lastKnownFileType = folder.assetcatalog; path = Assets.xcassets; sourceTree = "<group>"; };
		48A1F4BB2B579C3800445D88 /* Base */ = {isa = PBXFileReference; lastKnownFileType = file.storyboard; name = Base; path = Base.lproj/LaunchScreen.storyboard; sourceTree = "<group>"; };
		48A1F4BD2B579C3800445D88 /* Info.plist */ = {isa = PBXFileReference; lastKnownFileType = text.plist.xml; path = Info.plist; sourceTree = "<group>"; };
		48A1F4C52B579D0200445D88 /* DetailViewController.swift */ = {isa = PBXFileReference; lastKnownFileType = sourcecode.swift; path = DetailViewController.swift; sourceTree = "<group>"; };
		48A1F4CF2B57B25300445D88 /* SearchCollectionCell.swift */ = {isa = PBXFileReference; lastKnownFileType = sourcecode.swift; path = SearchCollectionCell.swift; sourceTree = "<group>"; };
		48A1F4D32B57B26C00445D88 /* SearchModel.swift */ = {isa = PBXFileReference; lastKnownFileType = sourcecode.swift; path = SearchModel.swift; sourceTree = "<group>"; };
		48A1F4D52B57B32300445D88 /* NetworkManager.swift */ = {isa = PBXFileReference; lastKnownFileType = sourcecode.swift; path = NetworkManager.swift; sourceTree = "<group>"; };
		48A1F4D72B57BEE100445D88 /* ItemModel.swift */ = {isa = PBXFileReference; lastKnownFileType = sourcecode.swift; path = ItemModel.swift; sourceTree = "<group>"; };
/* End PBXFileReference section */

/* Begin PBXFrameworksBuildPhase section */
		48A1F4A92B579C3700445D88 /* Frameworks */ = {
			isa = PBXFrameworksBuildPhase;
			buildActionMask = 2147483647;
			files = (
				48A1F4C92B579DEC00445D88 /* SnapKit in Frameworks */,
				48A1F4CC2B579E6300445D88 /* Then in Frameworks */,
			);
			runOnlyForDeploymentPostprocessing = 0;
		};
/* End PBXFrameworksBuildPhase section */

/* Begin PBXGroup section */
		48A1F4A32B579C3700445D88 = {
			isa = PBXGroup;
			children = (
				48A1F4AE2B579C3700445D88 /* kidsnote */,
				48A1F4AD2B579C3700445D88 /* Products */,
			);
			sourceTree = "<group>";
		};
		48A1F4AD2B579C3700445D88 /* Products */ = {
			isa = PBXGroup;
			children = (
				48A1F4AC2B579C3700445D88 /* kidsnote.app */,
			);
			name = Products;
			sourceTree = "<group>";
		};
		48A1F4AE2B579C3700445D88 /* kidsnote */ = {
			isa = PBXGroup;
			children = (
				48A1F4AF2B579C3700445D88 /* AppDelegate.swift */,
				48A1F4B12B579C3700445D88 /* SceneDelegate.swift */,
				480F9C382B59164800177736 /* Extensions.swift */,
				48A1F4D12B57B25A00445D88 /* Network */,
				48A1F4CD2B57B22900445D88 /* Search */,
				48A1F4CE2B57B23300445D88 /* Detail */,
				48A1F4B82B579C3800445D88 /* Assets.xcassets */,
				48A1F4BA2B579C3800445D88 /* LaunchScreen.storyboard */,
				48A1F4BD2B579C3800445D88 /* Info.plist */,
			);
			path = kidsnote;
			sourceTree = "<group>";
		};
		48A1F4CD2B57B22900445D88 /* Search */ = {
			isa = PBXGroup;
			children = (
				48A1F4B32B579C3700445D88 /* SearchViewController.swift */,
				480F9C3A2B591DAF00177736 /* SearchCollectionHeaderView.swift */,
				48A1F4CF2B57B25300445D88 /* SearchCollectionCell.swift */,
			);
			path = Search;
			sourceTree = "<group>";
		};
		48A1F4CE2B57B23300445D88 /* Detail */ = {
			isa = PBXGroup;
			children = (
				48A1F4C52B579D0200445D88 /* DetailViewController.swift */,
				486B091A2B5B8B6A0066EAC8 /* DescriptionViewController.swift */,
			);
			path = Detail;
			sourceTree = "<group>";
		};
		48A1F4D12B57B25A00445D88 /* Network */ = {
			isa = PBXGroup;
			children = (
				48A1F4D52B57B32300445D88 /* NetworkManager.swift */,
				48A1F4D22B57B26100445D88 /* Model */,
			);
			path = Network;
			sourceTree = "<group>";
		};
		48A1F4D22B57B26100445D88 /* Model */ = {
			isa = PBXGroup;
			children = (
				48A1F4D32B57B26C00445D88 /* SearchModel.swift */,
				48A1F4D72B57BEE100445D88 /* ItemModel.swift */,
			);
			path = Model;
			sourceTree = "<group>";
		};
/* End PBXGroup section */

/* Begin PBXNativeTarget section */
		48A1F4AB2B579C3700445D88 /* kidsnote */ = {
			isa = PBXNativeTarget;
			buildConfigurationList = 48A1F4C02B579C3800445D88 /* Build configuration list for PBXNativeTarget "kidsnote" */;
			buildPhases = (
				48A1F4A82B579C3700445D88 /* Sources */,
				48A1F4A92B579C3700445D88 /* Frameworks */,
				48A1F4AA2B579C3700445D88 /* Resources */,
			);
			buildRules = (
			);
			dependencies = (
			);
			name = kidsnote;
			packageProductDependencies = (
				48A1F4C82B579DEC00445D88 /* SnapKit */,
				48A1F4CB2B579E6300445D88 /* Then */,
			);
			productName = kidsnote;
			productReference = 48A1F4AC2B579C3700445D88 /* kidsnote.app */;
			productType = "com.apple.product-type.application";
		};
/* End PBXNativeTarget section */

/* Begin PBXProject section */
		48A1F4A42B579C3700445D88 /* Project object */ = {
			isa = PBXProject;
			attributes = {
				BuildIndependentTargetsInParallel = 1;
				LastSwiftUpdateCheck = 1430;
				LastUpgradeCheck = 1430;
				TargetAttributes = {
					48A1F4AB2B579C3700445D88 = {
						CreatedOnToolsVersion = 14.3.1;
					};
				};
			};
			buildConfigurationList = 48A1F4A72B579C3700445D88 /* Build configuration list for PBXProject "kidsnote" */;
			compatibilityVersion = "Xcode 14.0";
			developmentRegion = en;
			hasScannedForEncodings = 0;
			knownRegions = (
				en,
				Base,
			);
			mainGroup = 48A1F4A32B579C3700445D88;
			packageReferences = (
				48A1F4C72B579DEC00445D88 /* XCRemoteSwiftPackageReference "SnapKit" */,
				48A1F4CA2B579E6300445D88 /* XCRemoteSwiftPackageReference "Then" */,
			);
			productRefGroup = 48A1F4AD2B579C3700445D88 /* Products */;
			projectDirPath = "";
			projectRoot = "";
			targets = (
				48A1F4AB2B579C3700445D88 /* kidsnote */,
			);
		};
/* End PBXProject section */

/* Begin PBXResourcesBuildPhase section */
		48A1F4AA2B579C3700445D88 /* Resources */ = {
			isa = PBXResourcesBuildPhase;
			buildActionMask = 2147483647;
			files = (
				48A1F4BC2B579C3800445D88 /* LaunchScreen.storyboard in Resources */,
				48A1F4B92B579C3800445D88 /* Assets.xcassets in Resources */,
			);
			runOnlyForDeploymentPostprocessing = 0;
		};
/* End PBXResourcesBuildPhase section */

/* Begin PBXSourcesBuildPhase section */
		48A1F4A82B579C3700445D88 /* Sources */ = {
			isa = PBXSourcesBuildPhase;
			buildActionMask = 2147483647;
			files = (
				480F9C3B2B591DAF00177736 /* SearchCollectionHeaderView.swift in Sources */,
				48A1F4B42B579C3700445D88 /* SearchViewController.swift in Sources */,
				480F9C392B59164800177736 /* Extensions.swift in Sources */,
				48A1F4B02B579C3700445D88 /* AppDelegate.swift in Sources */,
				48A1F4D82B57BEE100445D88 /* ItemModel.swift in Sources */,
				48A1F4B22B579C3700445D88 /* SceneDelegate.swift in Sources */,
				48A1F4D62B57B32300445D88 /* NetworkManager.swift in Sources */,
				48A1F4D42B57B26C00445D88 /* SearchModel.swift in Sources */,
				486B091B2B5B8B6A0066EAC8 /* DescriptionViewController.swift in Sources */,
				48A1F4C62B579D0300445D88 /* DetailViewController.swift in Sources */,
				48A1F4D02B57B25300445D88 /* SearchCollectionCell.swift in Sources */,
			);
			runOnlyForDeploymentPostprocessing = 0;
		};
/* End PBXSourcesBuildPhase section */

/* Begin PBXVariantGroup section */
		48A1F4BA2B579C3800445D88 /* LaunchScreen.storyboard */ = {
			isa = PBXVariantGroup;
			children = (
				48A1F4BB2B579C3800445D88 /* Base */,
			);
			name = LaunchScreen.storyboard;
			sourceTree = "<group>";
		};
/* End PBXVariantGroup section */

/* Begin XCBuildConfiguration section */
		48A1F4BE2B579C3800445D88 /* Debug */ = {
			isa = XCBuildConfiguration;
			buildSettings = {
				ALWAYS_SEARCH_USER_PATHS = NO;
				CLANG_ANALYZER_NONNULL = YES;
				CLANG_ANALYZER_NUMBER_OBJECT_CONVERSION = YES_AGGRESSIVE;
				CLANG_CXX_LANGUAGE_STANDARD = "gnu++20";
				CLANG_ENABLE_MODULES = YES;
				CLANG_ENABLE_OBJC_ARC = YES;
				CLANG_ENABLE_OBJC_WEAK = YES;
				CLANG_WARN_BLOCK_CAPTURE_AUTORELEASING = YES;
				CLANG_WARN_BOOL_CONVERSION = YES;
				CLANG_WARN_COMMA = YES;
				CLANG_WARN_CONSTANT_CONVERSION = YES;
				CLANG_WARN_DEPRECATED_OBJC_IMPLEMENTATIONS = YES;
				CLANG_WARN_DIRECT_OBJC_ISA_USAGE = YES_ERROR;
				CLANG_WARN_DOCUMENTATION_COMMENTS = YES;
				CLANG_WARN_EMPTY_BODY = YES;
				CLANG_WARN_ENUM_CONVERSION = YES;
				CLANG_WARN_INFINITE_RECURSION = YES;
				CLANG_WARN_INT_CONVERSION = YES;
				CLANG_WARN_NON_LITERAL_NULL_CONVERSION = YES;
				CLANG_WARN_OBJC_IMPLICIT_RETAIN_SELF = YES;
				CLANG_WARN_OBJC_LITERAL_CONVERSION = YES;
				CLANG_WARN_OBJC_ROOT_CLASS = YES_ERROR;
				CLANG_WARN_QUOTED_INCLUDE_IN_FRAMEWORK_HEADER = YES;
				CLANG_WARN_RANGE_LOOP_ANALYSIS = YES;
				CLANG_WARN_STRICT_PROTOTYPES = YES;
				CLANG_WARN_SUSPICIOUS_MOVE = YES;
				CLANG_WARN_UNGUARDED_AVAILABILITY = YES_AGGRESSIVE;
				CLANG_WARN_UNREACHABLE_CODE = YES;
				CLANG_WARN__DUPLICATE_METHOD_MATCH = YES;
				COPY_PHASE_STRIP = NO;
				DEBUG_INFORMATION_FORMAT = dwarf;
				ENABLE_STRICT_OBJC_MSGSEND = YES;
				ENABLE_TESTABILITY = YES;
				GCC_C_LANGUAGE_STANDARD = gnu11;
				GCC_DYNAMIC_NO_PIC = NO;
				GCC_NO_COMMON_BLOCKS = YES;
				GCC_OPTIMIZATION_LEVEL = 0;
				GCC_PREPROCESSOR_DEFINITIONS = (
					"DEBUG=1",
					"$(inherited)",
				);
				GCC_WARN_64_TO_32_BIT_CONVERSION = YES;
				GCC_WARN_ABOUT_RETURN_TYPE = YES_ERROR;
				GCC_WARN_UNDECLARED_SELECTOR = YES;
				GCC_WARN_UNINITIALIZED_AUTOS = YES_AGGRESSIVE;
				GCC_WARN_UNUSED_FUNCTION = YES;
				GCC_WARN_UNUSED_VARIABLE = YES;
				IPHONEOS_DEPLOYMENT_TARGET = 14.0;
				MTL_ENABLE_DEBUG_INFO = INCLUDE_SOURCE;
				MTL_FAST_MATH = YES;
				ONLY_ACTIVE_ARCH = YES;
				SDKROOT = iphoneos;
				SWIFT_ACTIVE_COMPILATION_CONDITIONS = DEBUG;
				SWIFT_OPTIMIZATION_LEVEL = "-Onone";
			};
			name = Debug;
		};
		48A1F4BF2B579C3800445D88 /* Release */ = {
			isa = XCBuildConfiguration;
			buildSettings = {
				ALWAYS_SEARCH_USER_PATHS = NO;
				CLANG_ANALYZER_NONNULL = YES;
				CLANG_ANALYZER_NUMBER_OBJECT_CONVERSION = YES_AGGRESSIVE;
				CLANG_CXX_LANGUAGE_STANDARD = "gnu++20";
				CLANG_ENABLE_MODULES = YES;
				CLANG_ENABLE_OBJC_ARC = YES;
				CLANG_ENABLE_OBJC_WEAK = YES;
				CLANG_WARN_BLOCK_CAPTURE_AUTORELEASING = YES;
				CLANG_WARN_BOOL_CONVERSION = YES;
				CLANG_WARN_COMMA = YES;
				CLANG_WARN_CONSTANT_CONVERSION = YES;
				CLANG_WARN_DEPRECATED_OBJC_IMPLEMENTATIONS = YES;
				CLANG_WARN_DIRECT_OBJC_ISA_USAGE = YES_ERROR;
				CLANG_WARN_DOCUMENTATION_COMMENTS = YES;
				CLANG_WARN_EMPTY_BODY = YES;
				CLANG_WARN_ENUM_CONVERSION = YES;
				CLANG_WARN_INFINITE_RECURSION = YES;
				CLANG_WARN_INT_CONVERSION = YES;
				CLANG_WARN_NON_LITERAL_NULL_CONVERSION = YES;
				CLANG_WARN_OBJC_IMPLICIT_RETAIN_SELF = YES;
				CLANG_WARN_OBJC_LITERAL_CONVERSION = YES;
				CLANG_WARN_OBJC_ROOT_CLASS = YES_ERROR;
				CLANG_WARN_QUOTED_INCLUDE_IN_FRAMEWORK_HEADER = YES;
				CLANG_WARN_RANGE_LOOP_ANALYSIS = YES;
				CLANG_WARN_STRICT_PROTOTYPES = YES;
				CLANG_WARN_SUSPICIOUS_MOVE = YES;
				CLANG_WARN_UNGUARDED_AVAILABILITY = YES_AGGRESSIVE;
				CLANG_WARN_UNREACHABLE_CODE = YES;
				CLANG_WARN__DUPLICATE_METHOD_MATCH = YES;
				COPY_PHASE_STRIP = NO;
				DEBUG_INFORMATION_FORMAT = "dwarf-with-dsym";
				ENABLE_NS_ASSERTIONS = NO;
				ENABLE_STRICT_OBJC_MSGSEND = YES;
				GCC_C_LANGUAGE_STANDARD = gnu11;
				GCC_NO_COMMON_BLOCKS = YES;
				GCC_WARN_64_TO_32_BIT_CONVERSION = YES;
				GCC_WARN_ABOUT_RETURN_TYPE = YES_ERROR;
				GCC_WARN_UNDECLARED_SELECTOR = YES;
				GCC_WARN_UNINITIALIZED_AUTOS = YES_AGGRESSIVE;
				GCC_WARN_UNUSED_FUNCTION = YES;
				GCC_WARN_UNUSED_VARIABLE = YES;
				IPHONEOS_DEPLOYMENT_TARGET = 14.0;
				MTL_ENABLE_DEBUG_INFO = NO;
				MTL_FAST_MATH = YES;
				SDKROOT = iphoneos;
				SWIFT_COMPILATION_MODE = wholemodule;
				SWIFT_OPTIMIZATION_LEVEL = "-O";
				VALIDATE_PRODUCT = YES;
			};
			name = Release;
		};
		48A1F4C12B579C3800445D88 /* Debug */ = {
			isa = XCBuildConfiguration;
			buildSettings = {
				ASSETCATALOG_COMPILER_APPICON_NAME = AppIcon;
				ASSETCATALOG_COMPILER_GLOBAL_ACCENT_COLOR_NAME = AccentColor;
				CODE_SIGN_STYLE = Automatic;
				CURRENT_PROJECT_VERSION = 1;
				DEVELOPMENT_TEAM = X5E946JK54;
				GENERATE_INFOPLIST_FILE = YES;
				INFOPLIST_FILE = kidsnote/Info.plist;
				INFOPLIST_KEY_UIApplicationSupportsIndirectInputEvents = YES;
				INFOPLIST_KEY_UILaunchStoryboardName = LaunchScreen;
				INFOPLIST_KEY_UIStatusBarHidden = NO;
				INFOPLIST_KEY_UIStatusBarStyle = UIStatusBarStyleLightContent;
				INFOPLIST_KEY_UISupportedInterfaceOrientations = "UIInterfaceOrientationLandscapeLeft UIInterfaceOrientationLandscapeRight UIInterfaceOrientationPortrait";
				INFOPLIST_KEY_UISupportedInterfaceOrientations_iPad = "UIInterfaceOrientationLandscapeLeft UIInterfaceOrientationLandscapeRight UIInterfaceOrientationPortrait UIInterfaceOrientationPortraitUpsideDown";
				LD_RUNPATH_SEARCH_PATHS = (
					"$(inherited)",
					"@executable_path/Frameworks",
				);
				MARKETING_VERSION = 1.0;
				PRODUCT_BUNDLE_IDENTIFIER = com.home.kidsnote;
				PRODUCT_NAME = "$(TARGET_NAME)";
				SWIFT_EMIT_LOC_STRINGS = YES;
				SWIFT_VERSION = 5.0;
				TARGETED_DEVICE_FAMILY = "1,2";
			};
			name = Debug;
		};
		48A1F4C22B579C3800445D88 /* Release */ = {
			isa = XCBuildConfiguration;
			buildSettings = {
				ASSETCATALOG_COMPILER_APPICON_NAME = AppIcon;
				ASSETCATALOG_COMPILER_GLOBAL_ACCENT_COLOR_NAME = AccentColor;
				CODE_SIGN_STYLE = Automatic;
				CURRENT_PROJECT_VERSION = 1;
				DEVELOPMENT_TEAM = X5E946JK54;
				GENERATE_INFOPLIST_FILE = YES;
				INFOPLIST_FILE = kidsnote/Info.plist;
				INFOPLIST_KEY_UIApplicationSupportsIndirectInputEvents = YES;
				INFOPLIST_KEY_UILaunchStoryboardName = LaunchScreen;
				INFOPLIST_KEY_UIStatusBarHidden = NO;
				INFOPLIST_KEY_UIStatusBarStyle = UIStatusBarStyleLightContent;
				INFOPLIST_KEY_UISupportedInterfaceOrientations = "UIInterfaceOrientationLandscapeLeft UIInterfaceOrientationLandscapeRight UIInterfaceOrientationPortrait";
				INFOPLIST_KEY_UISupportedInterfaceOrientations_iPad = "UIInterfaceOrientationLandscapeLeft UIInterfaceOrientationLandscapeRight UIInterfaceOrientationPortrait UIInterfaceOrientationPortraitUpsideDown";
				LD_RUNPATH_SEARCH_PATHS = (
					"$(inherited)",
					"@executable_path/Frameworks",
				);
				MARKETING_VERSION = 1.0;
				PRODUCT_BUNDLE_IDENTIFIER = com.home.kidsnote;
				PRODUCT_NAME = "$(TARGET_NAME)";
				SWIFT_EMIT_LOC_STRINGS = YES;
				SWIFT_VERSION = 5.0;
				TARGETED_DEVICE_FAMILY = "1,2";
			};
			name = Release;
		};
/* End XCBuildConfiguration section */

/* Begin XCConfigurationList section */
		48A1F4A72B579C3700445D88 /* Build configuration list for PBXProject "kidsnote" */ = {
			isa = XCConfigurationList;
			buildConfigurations = (
				48A1F4BE2B579C3800445D88 /* Debug */,
				48A1F4BF2B579C3800445D88 /* Release */,
			);
			defaultConfigurationIsVisible = 0;
			defaultConfigurationName = Release;
		};
		48A1F4C02B579C3800445D88 /* Build configuration list for PBXNativeTarget "kidsnote" */ = {
			isa = XCConfigurationList;
			buildConfigurations = (
				48A1F4C12B579C3800445D88 /* Debug */,
				48A1F4C22B579C3800445D88 /* Release */,
			);
			defaultConfigurationIsVisible = 0;
			defaultConfigurationName = Release;
		};
/* End XCConfigurationList section */

/* Begin XCRemoteSwiftPackageReference section */
		48A1F4C72B579DEC00445D88 /* XCRemoteSwiftPackageReference "SnapKit" */ = {
			isa = XCRemoteSwiftPackageReference;
			repositoryURL = "https://github.com/SnapKit/SnapKit.git";
			requirement = {
				kind = upToNextMajorVersion;
				minimumVersion = 5.0.0;
			};
		};
		48A1F4CA2B579E6300445D88 /* XCRemoteSwiftPackageReference "Then" */ = {
			isa = XCRemoteSwiftPackageReference;
			repositoryURL = "https://github.com/devxoul/Then";
			requirement = {
				kind = upToNextMajorVersion;
				minimumVersion = 3.0.0;
			};
		};
/* End XCRemoteSwiftPackageReference section */

/* Begin XCSwiftPackageProductDependency section */
		48A1F4C82B579DEC00445D88 /* SnapKit */ = {
			isa = XCSwiftPackageProductDependency;
			package = 48A1F4C72B579DEC00445D88 /* XCRemoteSwiftPackageReference "SnapKit" */;
			productName = SnapKit;
		};
		48A1F4CB2B579E6300445D88 /* Then */ = {
			isa = XCSwiftPackageProductDependency;
			package = 48A1F4CA2B579E6300445D88 /* XCRemoteSwiftPackageReference "Then" */;
			productName = Then;
		};
/* End XCSwiftPackageProductDependency section */
	};
	rootObject = 48A1F4A42B579C3700445D88 /* Project object */;
}
